
Microsoft Visual Studio Solution File, Format Version 12.00
# Visual Studio 14
VisualStudioVersion = 14.0.23107.0
MinimumVisualStudioVersion = 10.0.40219.1
Project("{FAE04EC0-301F-11D3-BF4B-00C04F79EFBC}") = "Coin", "Coin\Coin.csproj", "{87D517E6-359D-4369-8397-36CBCE875B72}"
	ProjectSection(ProjectDependencies) = postProject
		{4F93C7FF-DB4A-44FA-8C68-5EE93C74948F} = {4F93C7FF-DB4A-44FA-8C68-5EE93C74948F}
	EndProjectSection
EndProject
Project("{FAE04EC0-301F-11D3-BF4B-00C04F79EFBC}") = "DataLayer", "DataLayer\DataLayer.csproj", "{4F93C7FF-DB4A-44FA-8C68-5EE93C74948F}"
EndProject
Project("{2150E333-8FDC-42A3-9474-1A3956D46DE8}") = "Solution Items", "Solution Items", "{5EC506CC-C9D2-4E65-88AB-B48A0E7A8B74}"
	ProjectSection(SolutionItems) = preProject
		Coin\ge_monogram_primary_black_RGB.png = Coin\ge_monogram_primary_black_RGB.png
		Coin\ge_monogram_primary_gray_RGB.png = Coin\ge_monogram_primary_gray_RGB.png
	EndProjectSection
EndProject
Global
	GlobalSection(SolutionConfigurationPlatforms) = preSolution
		Debug|Any CPU = Debug|Any CPU
		Release|Any CPU = Release|Any CPU
	EndGlobalSection
	GlobalSection(ProjectConfigurationPlatforms) = postSolution
		{87D517E6-359D-4369-8397-36CBCE875B72}.Debug|Any CPU.ActiveCfg = Debug|Any CPU
		{87D517E6-359D-4369-8397-36CBCE875B72}.Debug|Any CPU.Build.0 = Debug|Any CPU
		{87D517E6-359D-4369-8397-36CBCE875B72}.Release|Any CPU.ActiveCfg = Release|Any CPU
		{87D517E6-359D-4369-8397-36CBCE875B72}.Release|Any CPU.Build.0 = Release|Any CPU
		{4F93C7FF-DB4A-44FA-8C68-5EE93C74948F}.Debug|Any CPU.ActiveCfg = Debug|Any CPU
		{4F93C7FF-DB4A-44FA-8C68-5EE93C74948F}.Debug|Any CPU.Build.0 = Debug|Any CPU
		{4F93C7FF-DB4A-44FA-8C68-5EE93C74948F}.Release|Any CPU.ActiveCfg = Release|Any CPU
		{4F93C7FF-DB4A-44FA-8C68-5EE93C74948F}.Release|Any CPU.Build.0 = Release|Any CPU
	EndGlobalSection
	GlobalSection(SolutionProperties) = preSolution
		HideSolutionNode = FALSE
	EndGlobalSection
EndGlobal
